
Microsoft Visual Studio Solution File, Format Version 12.00
# Visual Studio Version 17
VisualStudioVersion = 17.4.33213.308
MinimumVisualStudioVersion = 10.0.40219.1
Project("{9A19103F-16F7-4668-BE54-9A1E7A4F7556}") = "CGPACompilation", "CGPACompilation\CGPACompilation.csproj", "{14BB0632-81CB-4AB1-9610-998EFC4153B6}"
EndProject
Global
	GlobalSection(SolutionConfigurationPlatforms) = preSolution
		Debug|Any CPU = Debug|Any CPU
		Release|Any CPU = Release|Any CPU
	EndGlobalSection
	GlobalSection(ProjectConfigurationPlatforms) = postSolution
		{14BB0632-81CB-4AB1-9610-998EFC4153B6}.Debug|Any CPU.ActiveCfg = Debug|Any CPU
		{14BB0632-81CB-4AB1-9610-998EFC4153B6}.Debug|Any CPU.Build.0 = Debug|Any CPU
		{14BB0632-81CB-4AB1-9610-998EFC4153B6}.Release|Any CPU.ActiveCfg = Release|Any CPU
		{14BB0632-81CB-4AB1-9610-998EFC4153B6}.Release|Any CPU.Build.0 = Release|Any CPU
	EndGlobalSection
	GlobalSection(SolutionProperties) = preSolution
		HideSolutionNode = FALSE
	EndGlobalSection
	GlobalSection(ExtensibilityGlobals) = postSolution
		SolutionGuid = {E4A0DBB7-6E28-416F-9D8D-332D9DF8E55B}
	EndGlobalSection
EndGlobal
